
Microsoft Visual Studio Solution File, Format Version 12.00
# Visual Studio Version 17
VisualStudioVersion = 17.3.32901.215
MinimumVisualStudioVersion = 10.0.40219.1
Project("{FAE04EC0-301F-11D3-BF4B-00C04F79EFBC}") = "WebAssembly.Server", "WebAssembly\Server\WebAssembly.Server.csproj", "{2D78D8E2-AC5D-43CD-B9FB-350AE1502A50}"
EndProject
Project("{FAE04EC0-301F-11D3-BF4B-00C04F79EFBC}") = "WebAssembly.Client", "WebAssembly\Client\WebAssembly.Client.csproj", "{4758936F-31BC-460B-A1AF-1D6A0585C387}"
EndProject
Project("{FAE04EC0-301F-11D3-BF4B-00C04F79EFBC}") = "WebAssembly.Shared", "WebAssembly\Shared\WebAssembly.Shared.csproj", "{7633D7AE-3BB5-4DE8-935B-18B5FB3ED5EB}"
EndProject
Global
	GlobalSection(SolutionConfigurationPlatforms) = preSolution
		Debug|Any CPU = Debug|Any CPU
		Release|Any CPU = Release|Any CPU
	EndGlobalSection
	GlobalSection(ProjectConfigurationPlatforms) = postSolution
		{2D78D8E2-AC5D-43CD-B9FB-350AE1502A50}.Debug|Any CPU.ActiveCfg = Debug|Any CPU
		{2D78D8E2-AC5D-43CD-B9FB-350AE1502A50}.Debug|Any CPU.Build.0 = Debug|Any CPU
		{2D78D8E2-AC5D-43CD-B9FB-350AE1502A50}.Release|Any CPU.ActiveCfg = Release|Any CPU
		{2D78D8E2-AC5D-43CD-B9FB-350AE1502A50}.Release|Any CPU.Build.0 = Release|Any CPU
		{4758936F-31BC-460B-A1AF-1D6A0585C387}.Debug|Any CPU.ActiveCfg = Debug|Any CPU
		{4758936F-31BC-460B-A1AF-1D6A0585C387}.Debug|Any CPU.Build.0 = Debug|Any CPU
		{4758936F-31BC-460B-A1AF-1D6A0585C387}.Release|Any CPU.ActiveCfg = Release|Any CPU
		{4758936F-31BC-460B-A1AF-1D6A0585C387}.Release|Any CPU.Build.0 = Release|Any CPU
		{7633D7AE-3BB5-4DE8-935B-18B5FB3ED5EB}.Debug|Any CPU.ActiveCfg = Debug|Any CPU
		{7633D7AE-3BB5-4DE8-935B-18B5FB3ED5EB}.Debug|Any CPU.Build.0 = Debug|Any CPU
		{7633D7AE-3BB5-4DE8-935B-18B5FB3ED5EB}.Release|Any CPU.ActiveCfg = Release|Any CPU
		{7633D7AE-3BB5-4DE8-935B-18B5FB3ED5EB}.Release|Any CPU.Build.0 = Release|Any CPU
	EndGlobalSection
	GlobalSection(SolutionProperties) = preSolution
		HideSolutionNode = FALSE
	EndGlobalSection
	GlobalSection(ExtensibilityGlobals) = postSolution
		SolutionGuid = {11874287-099C-40DA-BB57-9EA0E8C53568}
	EndGlobalSection
EndGlobal
